PODS:
  - R.swift (4.0.0):
    - R.swift.Library (~> 4.0.0)
  - R.swift.Library (4.0.0)
  - SwifterSwift (4.2.0):
    - SwifterSwift/AppKit (= 4.2.0)
    - SwifterSwift/CoreGraphics (= 4.2.0)
    - SwifterSwift/CoreLocation (= 4.2.0)
    - SwifterSwift/Foundation (= 4.2.0)
    - SwifterSwift/MapKit (= 4.2.0)
    - SwifterSwift/SwiftStdlib (= 4.2.0)
    - SwifterSwift/UIKit (= 4.2.0)
  - SwifterSwift/AppKit (4.2.0)
  - SwifterSwift/CoreGraphics (4.2.0)
  - SwifterSwift/CoreLocation (4.2.0)
  - SwifterSwift/Foundation (4.2.0)
  - SwifterSwift/MapKit (4.2.0)
  - SwifterSwift/SwiftStdlib (4.2.0)
  - SwifterSwift/UIKit (4.2.0)

DEPENDENCIES:
  - R.swift
  - SwifterSwift

SPEC CHECKSUMS:
  R.swift: d6a5ec2f55a8441dc0ed9f1f8b37d7d11ae85c66
  R.swift.Library: c3af34921024333546e23b70e70d0b4e0cffca75
  SwifterSwift: 1d101dcfb0c3123226900f3b4d220d57fb60d546

PODFILE CHECKSUM: 370f7bde64ee99659fd38759eaf61b045bad8da5

COCOAPODS: 1.4.0
