// !$*UTF8*$!
{
	archiveVersion = 1;
	classes = {
	};
	objectVersion = 48;
	objects = {

/* Begin PBXBuildFile section */
		99176B212000B30D003F5C4D /* R.generated.swift in Sources */ = {isa = PBXBuildFile; fileRef = 99176B202000B30D003F5C4D /* R.generated.swift */; };
		99176B2420021280003F5C4D /* Settings.storyboard in Resources */ = {isa = PBXBuildFile; fileRef = 99176B2320021280003F5C4D /* Settings.storyboard */; };
		99176B2620021604003F5C4D /* SettingsViewController.swift in Sources */ = {isa = PBXBuildFile; fileRef = 99176B2520021604003F5C4D /* SettingsViewController.swift */; };
		99176B2A200217B3003F5C4D /* SettingsTableViewCell.swift in Sources */ = {isa = PBXBuildFile; fileRef = 99176B28200217B3003F5C4D /* SettingsTableViewCell.swift */; };
		99176B2B200217B3003F5C4D /* SettingsTableViewCell.xib in Resources */ = {isa = PBXBuildFile; fileRef = 99176B29200217B3003F5C4D /* SettingsTableViewCell.xib */; };
		99A137B21FFE41F400C1058B /* AppDelegate.swift in Sources */ = {isa = PBXBuildFile; fileRef = 99A137B11FFE41F400C1058B /* AppDelegate.swift */; };
		99A137B41FFE41F400C1058B /* ViewController.swift in Sources */ = {isa = PBXBuildFile; fileRef = 99A137B31FFE41F400C1058B /* ViewController.swift */; };
		99A137B71FFE41F400C1058B /* Main.storyboard in Resources */ = {isa = PBXBuildFile; fileRef = 99A137B51FFE41F400C1058B /* Main.storyboard */; };
		99A137B91FFE41F400C1058B /* Assets.xcassets in Resources */ = {isa = PBXBuildFile; fileRef = 99A137B81FFE41F400C1058B /* Assets.xcassets */; };
		99A137BC1FFE41F400C1058B /* LaunchScreen.storyboard in Resources */ = {isa = PBXBuildFile; fileRef = 99A137BA1FFE41F400C1058B /* LaunchScreen.storyboard */; };
		99CDBDCB20656A7B00616E3A /* QuickGuide.storyboard in Resources */ = {isa = PBXBuildFile; fileRef = 99CDBDCA20656A7B00616E3A /* QuickGuide.storyboard */; };
		99CDBDCD206572B800616E3A /* QuickGuideViewController.swift in Sources */ = {isa = PBXBuildFile; fileRef = 99CDBDCC206572B800616E3A /* QuickGuideViewController.swift */; };
		B4F80E814ECB35A78D787DA1 /* Pods_kingscup.framework in Frameworks */ = {isa = PBXBuildFile; fileRef = D28B83A3A6D81B5147F30185 /* Pods_kingscup.framework */; };
/* End PBXBuildFile section */

/* Begin PBXFileReference section */
		3EF171745869240A9429245C /* Pods-kingscup.debug.xcconfig */ = {isa = PBXFileReference; includeInIndex = 1; lastKnownFileType = text.xcconfig; name = "Pods-kingscup.debug.xcconfig"; path = "Pods/Target Support Files/Pods-kingscup/Pods-kingscup.debug.xcconfig"; sourceTree = "<group>"; };
		430B7206ECAC650CDCF84235 /* Pods-kingscup.release.xcconfig */ = {isa = PBXFileReference; includeInIndex = 1; lastKnownFileType = text.xcconfig; name = "Pods-kingscup.release.xcconfig"; path = "Pods/Target Support Files/Pods-kingscup/Pods-kingscup.release.xcconfig"; sourceTree = "<group>"; };
		99176B202000B30D003F5C4D /* R.generated.swift */ = {isa = PBXFileReference; fileEncoding = 4; lastKnownFileType = sourcecode.swift; path = R.generated.swift; sourceTree = SOURCE_ROOT; };
		99176B2320021280003F5C4D /* Settings.storyboard */ = {isa = PBXFileReference; lastKnownFileType = file.storyboard; path = Settings.storyboard; sourceTree = "<group>"; };
		99176B2520021604003F5C4D /* SettingsViewController.swift */ = {isa = PBXFileReference; lastKnownFileType = sourcecode.swift; path = SettingsViewController.swift; sourceTree = "<group>"; };
		99176B28200217B3003F5C4D /* SettingsTableViewCell.swift */ = {isa = PBXFileReference; lastKnownFileType = sourcecode.swift; path = SettingsTableViewCell.swift; sourceTree = "<group>"; };
		99176B29200217B3003F5C4D /* SettingsTableViewCell.xib */ = {isa = PBXFileReference; lastKnownFileType = file.xib; path = SettingsTableViewCell.xib; sourceTree = "<group>"; };
		99A137AE1FFE41F400C1058B /* kingscup.app */ = {isa = PBXFileReference; explicitFileType = wrapper.application; includeInIndex = 0; path = kingscup.app; sourceTree = BUILT_PRODUCTS_DIR; };
		99A137B11FFE41F400C1058B /* AppDelegate.swift */ = {isa = PBXFileReference; lastKnownFileType = sourcecode.swift; path = AppDelegate.swift; sourceTree = "<group>"; };
		99A137B31FFE41F400C1058B /* ViewController.swift */ = {isa = PBXFileReference; lastKnownFileType = sourcecode.swift; path = ViewController.swift; sourceTree = "<group>"; };
		99A137B61FFE41F400C1058B /* Base */ = {isa = PBXFileReference; lastKnownFileType = file.storyboard; name = Base; path = Base.lproj/Main.storyboard; sourceTree = "<group>"; };
		99A137B81FFE41F400C1058B /* Assets.xcassets */ = {isa = PBXFileReference; lastKnownFileType = folder.assetcatalog; path = Assets.xcassets; sourceTree = "<group>"; };
		99A137BB1FFE41F400C1058B /* Base */ = {isa = PBXFileReference; lastKnownFileType = file.storyboard; name = Base; path = Base.lproj/LaunchScreen.storyboard; sourceTree = "<group>"; };
		99A137BD1FFE41F400C1058B /* Info.plist */ = {isa = PBXFileReference; lastKnownFileType = text.plist.xml; path = Info.plist; sourceTree = "<group>"; };
		99CDBDCA20656A7B00616E3A /* QuickGuide.storyboard */ = {isa = PBXFileReference; lastKnownFileType = file.storyboard; path = QuickGuide.storyboard; sourceTree = "<group>"; };
		99CDBDCC206572B800616E3A /* QuickGuideViewController.swift */ = {isa = PBXFileReference; lastKnownFileType = sourcecode.swift; path = QuickGuideViewController.swift; sourceTree = "<group>"; };
		D28B83A3A6D81B5147F30185 /* Pods_kingscup.framework */ = {isa = PBXFileReference; explicitFileType = wrapper.framework; includeInIndex = 0; path = Pods_kingscup.framework; sourceTree = BUILT_PRODUCTS_DIR; };
/* End PBXFileReference section */

/* Begin PBXFrameworksBuildPhase section */
		99A137AB1FFE41F400C1058B /* Frameworks */ = {
			isa = PBXFrameworksBuildPhase;
			buildActionMask = 2147483647;
			files = (
				B4F80E814ECB35A78D787DA1 /* Pods_kingscup.framework in Frameworks */,
			);
			runOnlyForDeploymentPostprocessing = 0;
		};
/* End PBXFrameworksBuildPhase section */

/* Begin PBXGroup section */
		75AC3FCBBF7C5215EB7E7A4E /* Frameworks */ = {
			isa = PBXGroup;
			children = (
				D28B83A3A6D81B5147F30185 /* Pods_kingscup.framework */,
			);
			name = Frameworks;
			sourceTree = "<group>";
		};
		99176B222002126A003F5C4D /* Settings */ = {
			isa = PBXGroup;
			children = (
				99176B272002179F003F5C4D /* View */,
				99176B2320021280003F5C4D /* Settings.storyboard */,
				99176B2520021604003F5C4D /* SettingsViewController.swift */,
			);
			path = Settings;
			sourceTree = "<group>";
		};
		99176B272002179F003F5C4D /* View */ = {
			isa = PBXGroup;
			children = (
				99176B28200217B3003F5C4D /* SettingsTableViewCell.swift */,
				99176B29200217B3003F5C4D /* SettingsTableViewCell.xib */,
			);
			path = View;
			sourceTree = "<group>";
		};
		99A137A51FFE41F400C1058B = {
			isa = PBXGroup;
			children = (
				99A137B01FFE41F400C1058B /* kingscup */,
				99A137AF1FFE41F400C1058B /* Products */,
				F47888F570DC125A26A98AF3 /* Pods */,
				75AC3FCBBF7C5215EB7E7A4E /* Frameworks */,
			);
			sourceTree = "<group>";
		};
		99A137AF1FFE41F400C1058B /* Products */ = {
			isa = PBXGroup;
			children = (
				99A137AE1FFE41F400C1058B /* kingscup.app */,
			);
			name = Products;
			sourceTree = "<group>";
		};
		99A137B01FFE41F400C1058B /* kingscup */ = {
			isa = PBXGroup;
			children = (
				99A137B11FFE41F400C1058B /* AppDelegate.swift */,
				99A137B31FFE41F400C1058B /* ViewController.swift */,
				99A137B51FFE41F400C1058B /* Main.storyboard */,
				99CDBDC920656A2900616E3A /* QuickGuide */,
				99176B222002126A003F5C4D /* Settings */,
				99A137B81FFE41F400C1058B /* Assets.xcassets */,
				99A137BA1FFE41F400C1058B /* LaunchScreen.storyboard */,
				99176B202000B30D003F5C4D /* R.generated.swift */,
				99A137BD1FFE41F400C1058B /* Info.plist */,
			);
			path = kingscup;
			sourceTree = "<group>";
		};
		99CDBDC920656A2900616E3A /* QuickGuide */ = {
			isa = PBXGroup;
			children = (
				99CDBDCA20656A7B00616E3A /* QuickGuide.storyboard */,
				99CDBDCC206572B800616E3A /* QuickGuideViewController.swift */,
			);
			path = QuickGuide;
			sourceTree = "<group>";
		};
		F47888F570DC125A26A98AF3 /* Pods */ = {
			isa = PBXGroup;
			children = (
				3EF171745869240A9429245C /* Pods-kingscup.debug.xcconfig */,
				430B7206ECAC650CDCF84235 /* Pods-kingscup.release.xcconfig */,
			);
			name = Pods;
			sourceTree = "<group>";
		};
/* End PBXGroup section */

/* Begin PBXNativeTarget section */
		99A137AD1FFE41F400C1058B /* kingscup */ = {
			isa = PBXNativeTarget;
			buildConfigurationList = 99A137C01FFE41F400C1058B /* Build configuration list for PBXNativeTarget "kingscup" */;
			buildPhases = (
				EFC1299DA2F8F4840D5E4637 /* [CP] Check Pods Manifest.lock */,
				99176B1F2000B26F003F5C4D /* ShellScript */,
				99A137AA1FFE41F400C1058B /* Sources */,
				99A137AB1FFE41F400C1058B /* Frameworks */,
				99A137AC1FFE41F400C1058B /* Resources */,
				D55703C4AB474546A5245707 /* [CP] Embed Pods Frameworks */,
			);
			buildRules = (
			);
			dependencies = (
			);
			name = kingscup;
			productName = kingscup;
			productReference = 99A137AE1FFE41F400C1058B /* kingscup.app */;
			productType = "com.apple.product-type.application";
		};
/* End PBXNativeTarget section */

/* Begin PBXProject section */
		99A137A61FFE41F400C1058B /* Project object */ = {
			isa = PBXProject;
			attributes = {
				LastSwiftUpdateCheck = 0920;
				LastUpgradeCheck = 0920;
				ORGANIZATIONNAME = "Jack Xiong Lim";
				TargetAttributes = {
					99A137AD1FFE41F400C1058B = {
						CreatedOnToolsVersion = 9.2;
						ProvisioningStyle = Automatic;
					};
				};
			};
			buildConfigurationList = 99A137A91FFE41F400C1058B /* Build configuration list for PBXProject "kingscup" */;
			compatibilityVersion = "Xcode 8.0";
			developmentRegion = en;
			hasScannedForEncodings = 0;
			knownRegions = (
				en,
				Base,
			);
			mainGroup = 99A137A51FFE41F400C1058B;
			productRefGroup = 99A137AF1FFE41F400C1058B /* Products */;
			projectDirPath = "";
			projectRoot = "";
			targets = (
				99A137AD1FFE41F400C1058B /* kingscup */,
			);
		};
/* End PBXProject section */

/* Begin PBXResourcesBuildPhase section */
		99A137AC1FFE41F400C1058B /* Resources */ = {
			isa = PBXResourcesBuildPhase;
			buildActionMask = 2147483647;
			files = (
				99A137BC1FFE41F400C1058B /* LaunchScreen.storyboard in Resources */,
				99CDBDCB20656A7B00616E3A /* QuickGuide.storyboard in Resources */,
				99A137B91FFE41F400C1058B /* Assets.xcassets in Resources */,
				99A137B71FFE41F400C1058B /* Main.storyboard in Resources */,
				99176B2B200217B3003F5C4D /* SettingsTableViewCell.xib in Resources */,
				99176B2420021280003F5C4D /* Settings.storyboard in Resources */,
			);
			runOnlyForDeploymentPostprocessing = 0;
		};
/* End PBXResourcesBuildPhase section */

/* Begin PBXShellScriptBuildPhase section */
		99176B1F2000B26F003F5C4D /* ShellScript */ = {
			isa = PBXShellScriptBuildPhase;
			buildActionMask = 2147483647;
			files = (
			);
			inputPaths = (
			);
			outputPaths = (
			);
			runOnlyForDeploymentPostprocessing = 0;
			shellPath = /bin/sh;
			shellScript = "\"$PODS_ROOT/R.swift/rswift\" generate \"$SRCROOT\"";
		};
		D55703C4AB474546A5245707 /* [CP] Embed Pods Frameworks */ = {
			isa = PBXShellScriptBuildPhase;
			buildActionMask = 2147483647;
			files = (
			);
			inputPaths = (
				"${SRCROOT}/Pods/Target Support Files/Pods-kingscup/Pods-kingscup-frameworks.sh",
				"${BUILT_PRODUCTS_DIR}/Localize-Swift/Localize_Swift.framework",
				"${BUILT_PRODUCTS_DIR}/R.swift.Library/Rswift.framework",
				"${BUILT_PRODUCTS_DIR}/SwifterSwift/SwifterSwift.framework",
			);
			name = "[CP] Embed Pods Frameworks";
			outputPaths = (
				"${TARGET_BUILD_DIR}/${FRAMEWORKS_FOLDER_PATH}/Localize_Swift.framework",
				"${TARGET_BUILD_DIR}/${FRAMEWORKS_FOLDER_PATH}/Rswift.framework",
				"${TARGET_BUILD_DIR}/${FRAMEWORKS_FOLDER_PATH}/SwifterSwift.framework",
			);
			runOnlyForDeploymentPostprocessing = 0;
			shellPath = /bin/sh;
			shellScript = "\"${SRCROOT}/Pods/Target Support Files/Pods-kingscup/Pods-kingscup-frameworks.sh\"\n";
			showEnvVarsInLog = 0;
		};
		EFC1299DA2F8F4840D5E4637 /* [CP] Check Pods Manifest.lock */ = {
			isa = PBXShellScriptBuildPhase;
			buildActionMask = 2147483647;
			files = (
			);
			inputPaths = (
				"${PODS_PODFILE_DIR_PATH}/Podfile.lock",
				"${PODS_ROOT}/Manifest.lock",
			);
			name = "[CP] Check Pods Manifest.lock";
			outputPaths = (
				"$(DERIVED_FILE_DIR)/Pods-kingscup-checkManifestLockResult.txt",
			);
			runOnlyForDeploymentPostprocessing = 0;
			shellPath = /bin/sh;
			shellScript = "diff \"${PODS_PODFILE_DIR_PATH}/Podfile.lock\" \"${PODS_ROOT}/Manifest.lock\" > /dev/null\nif [ $? != 0 ] ; then\n    # print error to STDERR\n    echo \"error: The sandbox is not in sync with the Podfile.lock. Run 'pod install' or update your CocoaPods installation.\" >&2\n    exit 1\nfi\n# This output is used by Xcode 'outputs' to avoid re-running this script phase.\necho \"SUCCESS\" > \"${SCRIPT_OUTPUT_FILE_0}\"\n";
			showEnvVarsInLog = 0;
		};
/* End PBXShellScriptBuildPhase section */

/* Begin PBXSourcesBuildPhase section */
		99A137AA1FFE41F400C1058B /* Sources */ = {
			isa = PBXSourcesBuildPhase;
			buildActionMask = 2147483647;
			files = (
				99A137B41FFE41F400C1058B /* ViewController.swift in Sources */,
				99A137B21FFE41F400C1058B /* AppDelegate.swift in Sources */,
				99176B212000B30D003F5C4D /* R.generated.swift in Sources */,
				99176B2A200217B3003F5C4D /* SettingsTableViewCell.swift in Sources */,
				99176B2620021604003F5C4D /* SettingsViewController.swift in Sources */,
				99CDBDCD206572B800616E3A /* QuickGuideViewController.swift in Sources */,
			);
			runOnlyForDeploymentPostprocessing = 0;
		};
/* End PBXSourcesBuildPhase section */

/* Begin PBXVariantGroup section */
		99A137B51FFE41F400C1058B /* Main.storyboard */ = {
			isa = PBXVariantGroup;
			children = (
				99A137B61FFE41F400C1058B /* Base */,
			);
			name = Main.storyboard;
			sourceTree = "<group>";
		};
		99A137BA1FFE41F400C1058B /* LaunchScreen.storyboard */ = {
			isa = PBXVariantGroup;
			children = (
				99A137BB1FFE41F400C1058B /* Base */,
			);
			name = LaunchScreen.storyboard;
			sourceTree = "<group>";
		};
/* End PBXVariantGroup section */

/* Begin XCBuildConfiguration section */
		99A137BE1FFE41F400C1058B /* Debug */ = {
			isa = XCBuildConfiguration;
			buildSettings = {
				ALWAYS_SEARCH_USER_PATHS = NO;
				CLANG_ANALYZER_NONNULL = YES;
				CLANG_ANALYZER_NUMBER_OBJECT_CONVERSION = YES_AGGRESSIVE;
				CLANG_CXX_LANGUAGE_STANDARD = "gnu++14";
				CLANG_CXX_LIBRARY = "libc++";
				CLANG_ENABLE_MODULES = YES;
				CLANG_ENABLE_OBJC_ARC = YES;
				CLANG_WARN_BLOCK_CAPTURE_AUTORELEASING = YES;
				CLANG_WARN_BOOL_CONVERSION = YES;
				CLANG_WARN_COMMA = YES;
				CLANG_WARN_CONSTANT_CONVERSION = YES;
				CLANG_WARN_DIRECT_OBJC_ISA_USAGE = YES_ERROR;
				CLANG_WARN_DOCUMENTATION_COMMENTS = YES;
				CLANG_WARN_EMPTY_BODY = YES;
				CLANG_WARN_ENUM_CONVERSION = YES;
				CLANG_WARN_INFINITE_RECURSION = YES;
				CLANG_WARN_INT_CONVERSION = YES;
				CLANG_WARN_NON_LITERAL_NULL_CONVERSION = YES;
				CLANG_WARN_OBJC_LITERAL_CONVERSION = YES;
				CLANG_WARN_OBJC_ROOT_CLASS = YES_ERROR;
				CLANG_WARN_RANGE_LOOP_ANALYSIS = YES;
				CLANG_WARN_STRICT_PROTOTYPES = YES;
				CLANG_WARN_SUSPICIOUS_MOVE = YES;
				CLANG_WARN_UNGUARDED_AVAILABILITY = YES_AGGRESSIVE;
				CLANG_WARN_UNREACHABLE_CODE = YES;
				CLANG_WARN__DUPLICATE_METHOD_MATCH = YES;
				CODE_SIGN_IDENTITY = "iPhone Developer";
				COPY_PHASE_STRIP = NO;
				DEBUG_INFORMATION_FORMAT = dwarf;
				ENABLE_STRICT_OBJC_MSGSEND = YES;
				ENABLE_TESTABILITY = YES;
				GCC_C_LANGUAGE_STANDARD = gnu11;
				GCC_DYNAMIC_NO_PIC = NO;
				GCC_NO_COMMON_BLOCKS = YES;
				GCC_OPTIMIZATION_LEVEL = 0;
				GCC_PREPROCESSOR_DEFINITIONS = (
					"DEBUG=1",
					"$(inherited)",
				);
				GCC_WARN_64_TO_32_BIT_CONVERSION = YES;
				GCC_WARN_ABOUT_RETURN_TYPE = YES_ERROR;
				GCC_WARN_UNDECLARED_SELECTOR = YES;
				GCC_WARN_UNINITIALIZED_AUTOS = YES_AGGRESSIVE;
				GCC_WARN_UNUSED_FUNCTION = YES;
				GCC_WARN_UNUSED_VARIABLE = YES;
				IPHONEOS_DEPLOYMENT_TARGET = 10.0;
				MTL_ENABLE_DEBUG_INFO = YES;
				ONLY_ACTIVE_ARCH = YES;
				SDKROOT = iphoneos;
				SWIFT_ACTIVE_COMPILATION_CONDITIONS = DEBUG;
				SWIFT_OPTIMIZATION_LEVEL = "-Onone";
			};
			name = Debug;
		};
		99A137BF1FFE41F400C1058B /* Release */ = {
			isa = XCBuildConfiguration;
			buildSettings = {
				ALWAYS_SEARCH_USER_PATHS = NO;
				CLANG_ANALYZER_NONNULL = YES;
				CLANG_ANALYZER_NUMBER_OBJECT_CONVERSION = YES_AGGRESSIVE;
				CLANG_CXX_LANGUAGE_STANDARD = "gnu++14";
				CLANG_CXX_LIBRARY = "libc++";
				CLANG_ENABLE_MODULES = YES;
				CLANG_ENABLE_OBJC_ARC = YES;
				CLANG_WARN_BLOCK_CAPTURE_AUTORELEASING = YES;
				CLANG_WARN_BOOL_CONVERSION = YES;
				CLANG_WARN_COMMA = YES;
				CLANG_WARN_CONSTANT_CONVERSION = YES;
				CLANG_WARN_DIRECT_OBJC_ISA_USAGE = YES_ERROR;
				CLANG_WARN_DOCUMENTATION_COMMENTS = YES;
				CLANG_WARN_EMPTY_BODY = YES;
				CLANG_WARN_ENUM_CONVERSION = YES;
				CLANG_WARN_INFINITE_RECURSION = YES;
				CLANG_WARN_INT_CONVERSION = YES;
				CLANG_WARN_NON_LITERAL_NULL_CONVERSION = YES;
				CLANG_WARN_OBJC_LITERAL_CONVERSION = YES;
				CLANG_WARN_OBJC_ROOT_CLASS = YES_ERROR;
				CLANG_WARN_RANGE_LOOP_ANALYSIS = YES;
				CLANG_WARN_STRICT_PROTOTYPES = YES;
				CLANG_WARN_SUSPICIOUS_MOVE = YES;
				CLANG_WARN_UNGUARDED_AVAILABILITY = YES_AGGRESSIVE;
				CLANG_WARN_UNREACHABLE_CODE = YES;
				CLANG_WARN__DUPLICATE_METHOD_MATCH = YES;
				CODE_SIGN_IDENTITY = "iPhone Developer";
				COPY_PHASE_STRIP = NO;
				DEBUG_INFORMATION_FORMAT = "dwarf-with-dsym";
				ENABLE_NS_ASSERTIONS = NO;
				ENABLE_STRICT_OBJC_MSGSEND = YES;
				GCC_C_LANGUAGE_STANDARD = gnu11;
				GCC_NO_COMMON_BLOCKS = YES;
				GCC_WARN_64_TO_32_BIT_CONVERSION = YES;
				GCC_WARN_ABOUT_RETURN_TYPE = YES_ERROR;
				GCC_WARN_UNDECLARED_SELECTOR = YES;
				GCC_WARN_UNINITIALIZED_AUTOS = YES_AGGRESSIVE;
				GCC_WARN_UNUSED_FUNCTION = YES;
				GCC_WARN_UNUSED_VARIABLE = YES;
				IPHONEOS_DEPLOYMENT_TARGET = 10.0;
				MTL_ENABLE_DEBUG_INFO = NO;
				SDKROOT = iphoneos;
				SWIFT_OPTIMIZATION_LEVEL = "-Owholemodule";
				VALIDATE_PRODUCT = YES;
			};
			name = Release;
		};
		99A137C11FFE41F400C1058B /* Debug */ = {
			isa = XCBuildConfiguration;
			baseConfigurationReference = 3EF171745869240A9429245C /* Pods-kingscup.debug.xcconfig */;
			buildSettings = {
				ASSETCATALOG_COMPILER_APPICON_NAME = AppIcon;
				CODE_SIGN_STYLE = Automatic;
				DEVELOPMENT_TEAM = C5DH47KNGM;
				INFOPLIST_FILE = kingscup/Info.plist;
				IPHONEOS_DEPLOYMENT_TARGET = 10.0;
				LD_RUNPATH_SEARCH_PATHS = "$(inherited) @executable_path/Frameworks";
				PRODUCT_BUNDLE_IDENTIFIER = com.jxlim.kingscup;
				PRODUCT_NAME = "$(TARGET_NAME)";
				SWIFT_VERSION = 4.0;
				TARGETED_DEVICE_FAMILY = 1;
			};
			name = Debug;
		};
		99A137C21FFE41F400C1058B /* Release */ = {
			isa = XCBuildConfiguration;
			baseConfigurationReference = 430B7206ECAC650CDCF84235 /* Pods-kingscup.release.xcconfig */;
			buildSettings = {
				ASSETCATALOG_COMPILER_APPICON_NAME = AppIcon;
				CODE_SIGN_STYLE = Automatic;
				DEVELOPMENT_TEAM = C5DH47KNGM;
				INFOPLIST_FILE = kingscup/Info.plist;
				IPHONEOS_DEPLOYMENT_TARGET = 10.0;
				LD_RUNPATH_SEARCH_PATHS = "$(inherited) @executable_path/Frameworks";
				PRODUCT_BUNDLE_IDENTIFIER = com.jxlim.kingscup;
				PRODUCT_NAME = "$(TARGET_NAME)";
				SWIFT_VERSION = 4.0;
				TARGETED_DEVICE_FAMILY = 1;
			};
			name = Release;
		};
/* End XCBuildConfiguration section */

/* Begin XCConfigurationList section */
		99A137A91FFE41F400C1058B /* Build configuration list for PBXProject "kingscup" */ = {
			isa = XCConfigurationList;
			buildConfigurations = (
				99A137BE1FFE41F400C1058B /* Debug */,
				99A137BF1FFE41F400C1058B /* Release */,
			);
			defaultConfigurationIsVisible = 0;
			defaultConfigurationName = Release;
		};
		99A137C01FFE41F400C1058B /* Build configuration list for PBXNativeTarget "kingscup" */ = {
			isa = XCConfigurationList;
			buildConfigurations = (
				99A137C11FFE41F400C1058B /* Debug */,
				99A137C21FFE41F400C1058B /* Release */,
			);
			defaultConfigurationIsVisible = 0;
			defaultConfigurationName = Release;
		};
/* End XCConfigurationList section */
	};
	rootObject = 99A137A61FFE41F400C1058B /* Project object */;
}
